
Microsoft Visual Studio Solution File, Format Version 12.00
# Visual Studio 15
VisualStudioVersion = 15.0.26124.0
MinimumVisualStudioVersion = 15.0.26124.0
Project("{FAE04EC0-301F-11D3-BF4B-00C04F79EFBC}") = "API", "API\API.csproj", "{82727AFC-303E-4401-875B-2ABB15962BAF}"
EndProject
Project("{FAE04EC0-301F-11D3-BF4B-00C04F79EFBC}") = "Core", "Core\Core.csproj", "{828C9D0D-16B8-4ECC-B398-9D82CCBBFD8C}"
EndProject
Project("{FAE04EC0-301F-11D3-BF4B-00C04F79EFBC}") = "Infrastructure", "Infrastructure\Infrastructure.csproj", "{4CDF2CAB-F7DB-4389-AED3-AC5D9B41AD26}"
EndProject
Global
	GlobalSection(SolutionConfigurationPlatforms) = preSolution
		Debug|Any CPU = Debug|Any CPU
		Debug|x64 = Debug|x64
		Debug|x86 = Debug|x86
		Release|Any CPU = Release|Any CPU
		Release|x64 = Release|x64
		Release|x86 = Release|x86
	EndGlobalSection
	GlobalSection(SolutionProperties) = preSolution
		HideSolutionNode = FALSE
	EndGlobalSection
	GlobalSection(ProjectConfigurationPlatforms) = postSolution
		{82727AFC-303E-4401-875B-2ABB15962BAF}.Debug|Any CPU.ActiveCfg = Debug|Any CPU
		{82727AFC-303E-4401-875B-2ABB15962BAF}.Debug|Any CPU.Build.0 = Debug|Any CPU
		{82727AFC-303E-4401-875B-2ABB15962BAF}.Debug|x64.ActiveCfg = Debug|Any CPU
		{82727AFC-303E-4401-875B-2ABB15962BAF}.Debug|x64.Build.0 = Debug|Any CPU
		{82727AFC-303E-4401-875B-2ABB15962BAF}.Debug|x86.ActiveCfg = Debug|Any CPU
		{82727AFC-303E-4401-875B-2ABB15962BAF}.Debug|x86.Build.0 = Debug|Any CPU
		{82727AFC-303E-4401-875B-2ABB15962BAF}.Release|Any CPU.ActiveCfg = Release|Any CPU
		{82727AFC-303E-4401-875B-2ABB15962BAF}.Release|Any CPU.Build.0 = Release|Any CPU
		{82727AFC-303E-4401-875B-2ABB15962BAF}.Release|x64.ActiveCfg = Release|Any CPU
		{82727AFC-303E-4401-875B-2ABB15962BAF}.Release|x64.Build.0 = Release|Any CPU
		{82727AFC-303E-4401-875B-2ABB15962BAF}.Release|x86.ActiveCfg = Release|Any CPU
		{82727AFC-303E-4401-875B-2ABB15962BAF}.Release|x86.Build.0 = Release|Any CPU
		{828C9D0D-16B8-4ECC-B398-9D82CCBBFD8C}.Debug|Any CPU.ActiveCfg = Debug|Any CPU
		{828C9D0D-16B8-4ECC-B398-9D82CCBBFD8C}.Debug|Any CPU.Build.0 = Debug|Any CPU
		{828C9D0D-16B8-4ECC-B398-9D82CCBBFD8C}.Debug|x64.ActiveCfg = Debug|Any CPU
		{828C9D0D-16B8-4ECC-B398-9D82CCBBFD8C}.Debug|x64.Build.0 = Debug|Any CPU
		{828C9D0D-16B8-4ECC-B398-9D82CCBBFD8C}.Debug|x86.ActiveCfg = Debug|Any CPU
		{828C9D0D-16B8-4ECC-B398-9D82CCBBFD8C}.Debug|x86.Build.0 = Debug|Any CPU
		{828C9D0D-16B8-4ECC-B398-9D82CCBBFD8C}.Release|Any CPU.ActiveCfg = Release|Any CPU
		{828C9D0D-16B8-4ECC-B398-9D82CCBBFD8C}.Release|Any CPU.Build.0 = Release|Any CPU
		{828C9D0D-16B8-4ECC-B398-9D82CCBBFD8C}.Release|x64.ActiveCfg = Release|Any CPU
		{828C9D0D-16B8-4ECC-B398-9D82CCBBFD8C}.Release|x64.Build.0 = Release|Any CPU
		{828C9D0D-16B8-4ECC-B398-9D82CCBBFD8C}.Release|x86.ActiveCfg = Release|Any CPU
		{828C9D0D-16B8-4ECC-B398-9D82CCBBFD8C}.Release|x86.Build.0 = Release|Any CPU
		{4CDF2CAB-F7DB-4389-AED3-AC5D9B41AD26}.Debug|Any CPU.ActiveCfg = Debug|Any CPU
		{4CDF2CAB-F7DB-4389-AED3-AC5D9B41AD26}.Debug|Any CPU.Build.0 = Debug|Any CPU
		{4CDF2CAB-F7DB-4389-AED3-AC5D9B41AD26}.Debug|x64.ActiveCfg = Debug|Any CPU
		{4CDF2CAB-F7DB-4389-AED3-AC5D9B41AD26}.Debug|x64.Build.0 = Debug|Any CPU
		{4CDF2CAB-F7DB-4389-AED3-AC5D9B41AD26}.Debug|x86.ActiveCfg = Debug|Any CPU
		{4CDF2CAB-F7DB-4389-AED3-AC5D9B41AD26}.Debug|x86.Build.0 = Debug|Any CPU
		{4CDF2CAB-F7DB-4389-AED3-AC5D9B41AD26}.Release|Any CPU.ActiveCfg = Release|Any CPU
		{4CDF2CAB-F7DB-4389-AED3-AC5D9B41AD26}.Release|Any CPU.Build.0 = Release|Any CPU
		{4CDF2CAB-F7DB-4389-AED3-AC5D9B41AD26}.Release|x64.ActiveCfg = Release|Any CPU
		{4CDF2CAB-F7DB-4389-AED3-AC5D9B41AD26}.Release|x64.Build.0 = Release|Any CPU
		{4CDF2CAB-F7DB-4389-AED3-AC5D9B41AD26}.Release|x86.ActiveCfg = Release|Any CPU
		{4CDF2CAB-F7DB-4389-AED3-AC5D9B41AD26}.Release|x86.Build.0 = Release|Any CPU
	EndGlobalSection
EndGlobal
